
Microsoft Visual Studio Solution File, Format Version 12.00
# Visual Studio Version 17
VisualStudioVersion = 17.2.32519.379
MinimumVisualStudioVersion = 10.0.40219.1
Project("{FAE04EC0-301F-11D3-BF4B-00C04F79EFBC}") = "lab_12_10_22", "lab_12_10_22\lab_12_10_22.csproj", "{F98A08E9-2394-41F7-81B9-1A17E902374E}"
EndProject
Global
	GlobalSection(SolutionConfigurationPlatforms) = preSolution
		Debug|Any CPU = Debug|Any CPU
		Release|Any CPU = Release|Any CPU
	EndGlobalSection
	GlobalSection(ProjectConfigurationPlatforms) = postSolution
		{F98A08E9-2394-41F7-81B9-1A17E902374E}.Debug|Any CPU.ActiveCfg = Debug|Any CPU
		{F98A08E9-2394-41F7-81B9-1A17E902374E}.Debug|Any CPU.Build.0 = Debug|Any CPU
		{F98A08E9-2394-41F7-81B9-1A17E902374E}.Release|Any CPU.ActiveCfg = Release|Any CPU
		{F98A08E9-2394-41F7-81B9-1A17E902374E}.Release|Any CPU.Build.0 = Release|Any CPU
	EndGlobalSection
	GlobalSection(SolutionProperties) = preSolution
		HideSolutionNode = FALSE
	EndGlobalSection
	GlobalSection(ExtensibilityGlobals) = postSolution
		SolutionGuid = {7FD0B8CC-7D97-4CDE-9CF9-9B904040FDB0}
	EndGlobalSection
EndGlobal
